
Microsoft Visual Studio Solution File, Format Version 12.00
# Visual Studio Version 17
VisualStudioVersion = 17.0.31903.59
MinimumVisualStudioVersion = 10.0.40219.1
Project("{FAE04EC0-301F-11D3-BF4B-00C04F79EFBC}") = "WorkingWithImages", "WorkingWithImages\WorkingWithImages.csproj", "{5820DCE0-BA37-42A4-B7B1-F110C16EF503}"
EndProject
Project("{FAE04EC0-301F-11D3-BF4B-00C04F79EFBC}") = "HumanizingData", "HumanizingData\HumanizingData.csproj", "{B0595A49-33EC-47D2-A9F4-83F21A1F50BE}"
EndProject
Project("{FAE04EC0-301F-11D3-BF4B-00C04F79EFBC}") = "Serilogging", "Serilogging\Serilogging.csproj", "{234F5196-BF80-4E46-8D16-2F603D3C3726}"
EndProject
Project("{FAE04EC0-301F-11D3-BF4B-00C04F79EFBC}") = "MappingObjects.Models", "MappingObjects.Models\MappingObjects.Models.csproj", "{F2E37C87-2A76-40AB-A770-BEBCFFD3F5F7}"
EndProject
Project("{FAE04EC0-301F-11D3-BF4B-00C04F79EFBC}") = "MappingObjects.Mappers", "MappingObjects.Mappers\MappingObjects.Mappers.csproj", "{F4BD0BDC-C3D1-4E3A-9B97-0CC3614D7E50}"
EndProject
Project("{FAE04EC0-301F-11D3-BF4B-00C04F79EFBC}") = "MappingObjects.Tests", "MappingObjects.Tests\MappingObjects.Tests.csproj", "{B168EA79-2416-4B5B-9F01-4F0AD9CED76F}"
EndProject
Project("{FAE04EC0-301F-11D3-BF4B-00C04F79EFBC}") = "MappingObjects.Console", "MappingObjects.Console\MappingObjects.Console.csproj", "{0ADA2D2B-E9EE-4D73-8DDE-6DA958B0D2D5}"
EndProject
Project("{FAE04EC0-301F-11D3-BF4B-00C04F79EFBC}") = "FluentTests", "FluentTests\FluentTests.csproj", "{E3A7598D-C288-4B96-A937-8EDFED9483AC}"
EndProject
Project("{FAE04EC0-301F-11D3-BF4B-00C04F79EFBC}") = "FluentValidation.Models", "FluentValidation.Models\FluentValidation.Models.csproj", "{48CA0496-926F-46F6-91D1-9C20B0F51416}"
EndProject
Project("{FAE04EC0-301F-11D3-BF4B-00C04F79EFBC}") = "FluentValidation.Validators", "FluentValidation.Validators\FluentValidation.Validators.csproj", "{974ABCF8-86F0-42A1-8742-A116EE2DDF44}"
EndProject
Global
	GlobalSection(SolutionConfigurationPlatforms) = preSolution
		Debug|Any CPU = Debug|Any CPU
		Debug|x64 = Debug|x64
		Debug|x86 = Debug|x86
		Release|Any CPU = Release|Any CPU
		Release|x64 = Release|x64
		Release|x86 = Release|x86
	EndGlobalSection
	GlobalSection(ProjectConfigurationPlatforms) = postSolution
		{5820DCE0-BA37-42A4-B7B1-F110C16EF503}.Debug|Any CPU.ActiveCfg = Debug|Any CPU
		{5820DCE0-BA37-42A4-B7B1-F110C16EF503}.Debug|Any CPU.Build.0 = Debug|Any CPU
		{5820DCE0-BA37-42A4-B7B1-F110C16EF503}.Debug|x64.ActiveCfg = Debug|Any CPU
		{5820DCE0-BA37-42A4-B7B1-F110C16EF503}.Debug|x64.Build.0 = Debug|Any CPU
		{5820DCE0-BA37-42A4-B7B1-F110C16EF503}.Debug|x86.ActiveCfg = Debug|Any CPU
		{5820DCE0-BA37-42A4-B7B1-F110C16EF503}.Debug|x86.Build.0 = Debug|Any CPU
		{5820DCE0-BA37-42A4-B7B1-F110C16EF503}.Release|Any CPU.ActiveCfg = Release|Any CPU
		{5820DCE0-BA37-42A4-B7B1-F110C16EF503}.Release|Any CPU.Build.0 = Release|Any CPU
		{5820DCE0-BA37-42A4-B7B1-F110C16EF503}.Release|x64.ActiveCfg = Release|Any CPU
		{5820DCE0-BA37-42A4-B7B1-F110C16EF503}.Release|x64.Build.0 = Release|Any CPU
		{5820DCE0-BA37-42A4-B7B1-F110C16EF503}.Release|x86.ActiveCfg = Release|Any CPU
		{5820DCE0-BA37-42A4-B7B1-F110C16EF503}.Release|x86.Build.0 = Release|Any CPU
		{B0595A49-33EC-47D2-A9F4-83F21A1F50BE}.Debug|Any CPU.ActiveCfg = Debug|Any CPU
		{B0595A49-33EC-47D2-A9F4-83F21A1F50BE}.Debug|Any CPU.Build.0 = Debug|Any CPU
		{B0595A49-33EC-47D2-A9F4-83F21A1F50BE}.Debug|x64.ActiveCfg = Debug|Any CPU
		{B0595A49-33EC-47D2-A9F4-83F21A1F50BE}.Debug|x64.Build.0 = Debug|Any CPU
		{B0595A49-33EC-47D2-A9F4-83F21A1F50BE}.Debug|x86.ActiveCfg = Debug|Any CPU
		{B0595A49-33EC-47D2-A9F4-83F21A1F50BE}.Debug|x86.Build.0 = Debug|Any CPU
		{B0595A49-33EC-47D2-A9F4-83F21A1F50BE}.Release|Any CPU.ActiveCfg = Release|Any CPU
		{B0595A49-33EC-47D2-A9F4-83F21A1F50BE}.Release|Any CPU.Build.0 = Release|Any CPU
		{B0595A49-33EC-47D2-A9F4-83F21A1F50BE}.Release|x64.ActiveCfg = Release|Any CPU
		{B0595A49-33EC-47D2-A9F4-83F21A1F50BE}.Release|x64.Build.0 = Release|Any CPU
		{B0595A49-33EC-47D2-A9F4-83F21A1F50BE}.Release|x86.ActiveCfg = Release|Any CPU
		{B0595A49-33EC-47D2-A9F4-83F21A1F50BE}.Release|x86.Build.0 = Release|Any CPU
		{234F5196-BF80-4E46-8D16-2F603D3C3726}.Debug|Any CPU.ActiveCfg = Debug|Any CPU
		{234F5196-BF80-4E46-8D16-2F603D3C3726}.Debug|Any CPU.Build.0 = Debug|Any CPU
		{234F5196-BF80-4E46-8D16-2F603D3C3726}.Debug|x64.ActiveCfg = Debug|Any CPU
		{234F5196-BF80-4E46-8D16-2F603D3C3726}.Debug|x64.Build.0 = Debug|Any CPU
		{234F5196-BF80-4E46-8D16-2F603D3C3726}.Debug|x86.ActiveCfg = Debug|Any CPU
		{234F5196-BF80-4E46-8D16-2F603D3C3726}.Debug|x86.Build.0 = Debug|Any CPU
		{234F5196-BF80-4E46-8D16-2F603D3C3726}.Release|Any CPU.ActiveCfg = Release|Any CPU
		{234F5196-BF80-4E46-8D16-2F603D3C3726}.Release|Any CPU.Build.0 = Release|Any CPU
		{234F5196-BF80-4E46-8D16-2F603D3C3726}.Release|x64.ActiveCfg = Release|Any CPU
		{234F5196-BF80-4E46-8D16-2F603D3C3726}.Release|x64.Build.0 = Release|Any CPU
		{234F5196-BF80-4E46-8D16-2F603D3C3726}.Release|x86.ActiveCfg = Release|Any CPU
		{234F5196-BF80-4E46-8D16-2F603D3C3726}.Release|x86.Build.0 = Release|Any CPU
		{F2E37C87-2A76-40AB-A770-BEBCFFD3F5F7}.Debug|Any CPU.ActiveCfg = Debug|Any CPU
		{F2E37C87-2A76-40AB-A770-BEBCFFD3F5F7}.Debug|Any CPU.Build.0 = Debug|Any CPU
		{F2E37C87-2A76-40AB-A770-BEBCFFD3F5F7}.Debug|x64.ActiveCfg = Debug|Any CPU
		{F2E37C87-2A76-40AB-A770-BEBCFFD3F5F7}.Debug|x64.Build.0 = Debug|Any CPU
		{F2E37C87-2A76-40AB-A770-BEBCFFD3F5F7}.Debug|x86.ActiveCfg = Debug|Any CPU
		{F2E37C87-2A76-40AB-A770-BEBCFFD3F5F7}.Debug|x86.Build.0 = Debug|Any CPU
		{F2E37C87-2A76-40AB-A770-BEBCFFD3F5F7}.Release|Any CPU.ActiveCfg = Release|Any CPU
		{F2E37C87-2A76-40AB-A770-BEBCFFD3F5F7}.Release|Any CPU.Build.0 = Release|Any CPU
		{F2E37C87-2A76-40AB-A770-BEBCFFD3F5F7}.Release|x64.ActiveCfg = Release|Any CPU
		{F2E37C87-2A76-40AB-A770-BEBCFFD3F5F7}.Release|x64.Build.0 = Release|Any CPU
		{F2E37C87-2A76-40AB-A770-BEBCFFD3F5F7}.Release|x86.ActiveCfg = Release|Any CPU
		{F2E37C87-2A76-40AB-A770-BEBCFFD3F5F7}.Release|x86.Build.0 = Release|Any CPU
		{F4BD0BDC-C3D1-4E3A-9B97-0CC3614D7E50}.Debug|Any CPU.ActiveCfg = Debug|Any CPU
		{F4BD0BDC-C3D1-4E3A-9B97-0CC3614D7E50}.Debug|Any CPU.Build.0 = Debug|Any CPU
		{F4BD0BDC-C3D1-4E3A-9B97-0CC3614D7E50}.Debug|x64.ActiveCfg = Debug|Any CPU
		{F4BD0BDC-C3D1-4E3A-9B97-0CC3614D7E50}.Debug|x64.Build.0 = Debug|Any CPU
		{F4BD0BDC-C3D1-4E3A-9B97-0CC3614D7E50}.Debug|x86.ActiveCfg = Debug|Any CPU
		{F4BD0BDC-C3D1-4E3A-9B97-0CC3614D7E50}.Debug|x86.Build.0 = Debug|Any CPU
		{F4BD0BDC-C3D1-4E3A-9B97-0CC3614D7E50}.Release|Any CPU.ActiveCfg = Release|Any CPU
		{F4BD0BDC-C3D1-4E3A-9B97-0CC3614D7E50}.Release|Any CPU.Build.0 = Release|Any CPU
		{F4BD0BDC-C3D1-4E3A-9B97-0CC3614D7E50}.Release|x64.ActiveCfg = Release|Any CPU
		{F4BD0BDC-C3D1-4E3A-9B97-0CC3614D7E50}.Release|x64.Build.0 = Release|Any CPU
		{F4BD0BDC-C3D1-4E3A-9B97-0CC3614D7E50}.Release|x86.ActiveCfg = Release|Any CPU
		{F4BD0BDC-C3D1-4E3A-9B97-0CC3614D7E50}.Release|x86.Build.0 = Release|Any CPU
		{B168EA79-2416-4B5B-9F01-4F0AD9CED76F}.Debug|Any CPU.ActiveCfg = Debug|Any CPU
		{B168EA79-2416-4B5B-9F01-4F0AD9CED76F}.Debug|Any CPU.Build.0 = Debug|Any CPU
		{B168EA79-2416-4B5B-9F01-4F0AD9CED76F}.Debug|x64.ActiveCfg = Debug|Any CPU
		{B168EA79-2416-4B5B-9F01-4F0AD9CED76F}.Debug|x64.Build.0 = Debug|Any CPU
		{B168EA79-2416-4B5B-9F01-4F0AD9CED76F}.Debug|x86.ActiveCfg = Debug|Any CPU
		{B168EA79-2416-4B5B-9F01-4F0AD9CED76F}.Debug|x86.Build.0 = Debug|Any CPU
		{B168EA79-2416-4B5B-9F01-4F0AD9CED76F}.Release|Any CPU.ActiveCfg = Release|Any CPU
		{B168EA79-2416-4B5B-9F01-4F0AD9CED76F}.Release|Any CPU.Build.0 = Release|Any CPU
		{B168EA79-2416-4B5B-9F01-4F0AD9CED76F}.Release|x64.ActiveCfg = Release|Any CPU
		{B168EA79-2416-4B5B-9F01-4F0AD9CED76F}.Release|x64.Build.0 = Release|Any CPU
		{B168EA79-2416-4B5B-9F01-4F0AD9CED76F}.Release|x86.ActiveCfg = Release|Any CPU
		{B168EA79-2416-4B5B-9F01-4F0AD9CED76F}.Release|x86.Build.0 = Release|Any CPU
		{0ADA2D2B-E9EE-4D73-8DDE-6DA958B0D2D5}.Debug|Any CPU.ActiveCfg = Debug|Any CPU
		{0ADA2D2B-E9EE-4D73-8DDE-6DA958B0D2D5}.Debug|Any CPU.Build.0 = Debug|Any CPU
		{0ADA2D2B-E9EE-4D73-8DDE-6DA958B0D2D5}.Debug|x64.ActiveCfg = Debug|Any CPU
		{0ADA2D2B-E9EE-4D73-8DDE-6DA958B0D2D5}.Debug|x64.Build.0 = Debug|Any CPU
		{0ADA2D2B-E9EE-4D73-8DDE-6DA958B0D2D5}.Debug|x86.ActiveCfg = Debug|Any CPU
		{0ADA2D2B-E9EE-4D73-8DDE-6DA958B0D2D5}.Debug|x86.Build.0 = Debug|Any CPU
		{0ADA2D2B-E9EE-4D73-8DDE-6DA958B0D2D5}.Release|Any CPU.ActiveCfg = Release|Any CPU
		{0ADA2D2B-E9EE-4D73-8DDE-6DA958B0D2D5}.Release|Any CPU.Build.0 = Release|Any CPU
		{0ADA2D2B-E9EE-4D73-8DDE-6DA958B0D2D5}.Release|x64.ActiveCfg = Release|Any CPU
		{0ADA2D2B-E9EE-4D73-8DDE-6DA958B0D2D5}.Release|x64.Build.0 = Release|Any CPU
		{0ADA2D2B-E9EE-4D73-8DDE-6DA958B0D2D5}.Release|x86.ActiveCfg = Release|Any CPU
		{0ADA2D2B-E9EE-4D73-8DDE-6DA958B0D2D5}.Release|x86.Build.0 = Release|Any CPU
		{E3A7598D-C288-4B96-A937-8EDFED9483AC}.Debug|Any CPU.ActiveCfg = Debug|Any CPU
		{E3A7598D-C288-4B96-A937-8EDFED9483AC}.Debug|Any CPU.Build.0 = Debug|Any CPU
		{E3A7598D-C288-4B96-A937-8EDFED9483AC}.Debug|x64.ActiveCfg = Debug|Any CPU
		{E3A7598D-C288-4B96-A937-8EDFED9483AC}.Debug|x64.Build.0 = Debug|Any CPU
		{E3A7598D-C288-4B96-A937-8EDFED9483AC}.Debug|x86.ActiveCfg = Debug|Any CPU
		{E3A7598D-C288-4B96-A937-8EDFED9483AC}.Debug|x86.Build.0 = Debug|Any CPU
		{E3A7598D-C288-4B96-A937-8EDFED9483AC}.Release|Any CPU.ActiveCfg = Release|Any CPU
		{E3A7598D-C288-4B96-A937-8EDFED9483AC}.Release|Any CPU.Build.0 = Release|Any CPU
		{E3A7598D-C288-4B96-A937-8EDFED9483AC}.Release|x64.ActiveCfg = Release|Any CPU
		{E3A7598D-C288-4B96-A937-8EDFED9483AC}.Release|x64.Build.0 = Release|Any CPU
		{E3A7598D-C288-4B96-A937-8EDFED9483AC}.Release|x86.ActiveCfg = Release|Any CPU
		{E3A7598D-C288-4B96-A937-8EDFED9483AC}.Release|x86.Build.0 = Release|Any CPU
		{48CA0496-926F-46F6-91D1-9C20B0F51416}.Debug|Any CPU.ActiveCfg = Debug|Any CPU
		{48CA0496-926F-46F6-91D1-9C20B0F51416}.Debug|Any CPU.Build.0 = Debug|Any CPU
		{48CA0496-926F-46F6-91D1-9C20B0F51416}.Debug|x64.ActiveCfg = Debug|Any CPU
		{48CA0496-926F-46F6-91D1-9C20B0F51416}.Debug|x64.Build.0 = Debug|Any CPU
		{48CA0496-926F-46F6-91D1-9C20B0F51416}.Debug|x86.ActiveCfg = Debug|Any CPU
		{48CA0496-926F-46F6-91D1-9C20B0F51416}.Debug|x86.Build.0 = Debug|Any CPU
		{48CA0496-926F-46F6-91D1-9C20B0F51416}.Release|Any CPU.ActiveCfg = Release|Any CPU
		{48CA0496-926F-46F6-91D1-9C20B0F51416}.Release|Any CPU.Build.0 = Release|Any CPU
		{48CA0496-926F-46F6-91D1-9C20B0F51416}.Release|x64.ActiveCfg = Release|Any CPU
		{48CA0496-926F-46F6-91D1-9C20B0F51416}.Release|x64.Build.0 = Release|Any CPU
		{48CA0496-926F-46F6-91D1-9C20B0F51416}.Release|x86.ActiveCfg = Release|Any CPU
		{48CA0496-926F-46F6-91D1-9C20B0F51416}.Release|x86.Build.0 = Release|Any CPU
		{974ABCF8-86F0-42A1-8742-A116EE2DDF44}.Debug|Any CPU.ActiveCfg = Debug|Any CPU
		{974ABCF8-86F0-42A1-8742-A116EE2DDF44}.Debug|Any CPU.Build.0 = Debug|Any CPU
		{974ABCF8-86F0-42A1-8742-A116EE2DDF44}.Debug|x64.ActiveCfg = Debug|Any CPU
		{974ABCF8-86F0-42A1-8742-A116EE2DDF44}.Debug|x64.Build.0 = Debug|Any CPU
		{974ABCF8-86F0-42A1-8742-A116EE2DDF44}.Debug|x86.ActiveCfg = Debug|Any CPU
		{974ABCF8-86F0-42A1-8742-A116EE2DDF44}.Debug|x86.Build.0 = Debug|Any CPU
		{974ABCF8-86F0-42A1-8742-A116EE2DDF44}.Release|Any CPU.ActiveCfg = Release|Any CPU
		{974ABCF8-86F0-42A1-8742-A116EE2DDF44}.Release|Any CPU.Build.0 = Release|Any CPU
		{974ABCF8-86F0-42A1-8742-A116EE2DDF44}.Release|x64.ActiveCfg = Release|Any CPU
		{974ABCF8-86F0-42A1-8742-A116EE2DDF44}.Release|x64.Build.0 = Release|Any CPU
		{974ABCF8-86F0-42A1-8742-A116EE2DDF44}.Release|x86.ActiveCfg = Release|Any CPU
		{974ABCF8-86F0-42A1-8742-A116EE2DDF44}.Release|x86.Build.0 = Release|Any CPU
	EndGlobalSection
	GlobalSection(SolutionProperties) = preSolution
		HideSolutionNode = FALSE
	EndGlobalSection
EndGlobal
