
Microsoft Visual Studio Solution File, Format Version 12.00
# Visual Studio Version 17
VisualStudioVersion = 17.0.31903.59
MinimumVisualStudioVersion = 10.0.40219.1
Project("{FAE04EC0-301F-11D3-BF4B-00C04F79EFBC}") = "Northwind.Console.EFCore", "Northwind.Console.EFCore\Northwind.Console.EFCore.csproj", "{AA45BCFC-FA56-4C1C-8971-5B3D3F86F4FB}"
EndProject
Project("{FAE04EC0-301F-11D3-BF4B-00C04F79EFBC}") = "Northwind.Console.HierarchyMapping", "Northwind.Console.HierarchyMapping\Northwind.Console.HierarchyMapping.csproj", "{8D485ED9-5BF6-41FC-8C12-D33B834E65F8}"
EndProject
Project("{FAE04EC0-301F-11D3-BF4B-00C04F79EFBC}") = "Northwind.Common.EntityModels.SqlServer", "Northwind.Common.EntityModels.SqlServer\Northwind.Common.EntityModels.SqlServer.csproj", "{1080C9CD-620D-4A3C-B2D9-83815311731B}"
EndProject
Project("{FAE04EC0-301F-11D3-BF4B-00C04F79EFBC}") = "Northwind.Common.DataContext.SqlServer", "Northwind.Common.DataContext.SqlServer\Northwind.Common.DataContext.SqlServer.csproj", "{25C47C2D-3041-437F-BC7C-C42A5F075523}"
EndProject
Project("{FAE04EC0-301F-11D3-BF4B-00C04F79EFBC}") = "Northwind.Common.EntityModels.Tests", "Northwind.Common.EntityModels.Tests\Northwind.Common.EntityModels.Tests.csproj", "{3C04449C-45AC-48A4-B623-E8A22B75012E}"
EndProject
Global
	GlobalSection(SolutionConfigurationPlatforms) = preSolution
		Debug|Any CPU = Debug|Any CPU
		Debug|x64 = Debug|x64
		Debug|x86 = Debug|x86
		Release|Any CPU = Release|Any CPU
		Release|x64 = Release|x64
		Release|x86 = Release|x86
	EndGlobalSection
	GlobalSection(ProjectConfigurationPlatforms) = postSolution
		{AA45BCFC-FA56-4C1C-8971-5B3D3F86F4FB}.Debug|Any CPU.ActiveCfg = Debug|Any CPU
		{AA45BCFC-FA56-4C1C-8971-5B3D3F86F4FB}.Debug|Any CPU.Build.0 = Debug|Any CPU
		{AA45BCFC-FA56-4C1C-8971-5B3D3F86F4FB}.Debug|x64.ActiveCfg = Debug|Any CPU
		{AA45BCFC-FA56-4C1C-8971-5B3D3F86F4FB}.Debug|x64.Build.0 = Debug|Any CPU
		{AA45BCFC-FA56-4C1C-8971-5B3D3F86F4FB}.Debug|x86.ActiveCfg = Debug|Any CPU
		{AA45BCFC-FA56-4C1C-8971-5B3D3F86F4FB}.Debug|x86.Build.0 = Debug|Any CPU
		{AA45BCFC-FA56-4C1C-8971-5B3D3F86F4FB}.Release|Any CPU.ActiveCfg = Release|Any CPU
		{AA45BCFC-FA56-4C1C-8971-5B3D3F86F4FB}.Release|Any CPU.Build.0 = Release|Any CPU
		{AA45BCFC-FA56-4C1C-8971-5B3D3F86F4FB}.Release|x64.ActiveCfg = Release|Any CPU
		{AA45BCFC-FA56-4C1C-8971-5B3D3F86F4FB}.Release|x64.Build.0 = Release|Any CPU
		{AA45BCFC-FA56-4C1C-8971-5B3D3F86F4FB}.Release|x86.ActiveCfg = Release|Any CPU
		{AA45BCFC-FA56-4C1C-8971-5B3D3F86F4FB}.Release|x86.Build.0 = Release|Any CPU
		{8D485ED9-5BF6-41FC-8C12-D33B834E65F8}.Debug|Any CPU.ActiveCfg = Debug|Any CPU
		{8D485ED9-5BF6-41FC-8C12-D33B834E65F8}.Debug|Any CPU.Build.0 = Debug|Any CPU
		{8D485ED9-5BF6-41FC-8C12-D33B834E65F8}.Debug|x64.ActiveCfg = Debug|Any CPU
		{8D485ED9-5BF6-41FC-8C12-D33B834E65F8}.Debug|x64.Build.0 = Debug|Any CPU
		{8D485ED9-5BF6-41FC-8C12-D33B834E65F8}.Debug|x86.ActiveCfg = Debug|Any CPU
		{8D485ED9-5BF6-41FC-8C12-D33B834E65F8}.Debug|x86.Build.0 = Debug|Any CPU
		{8D485ED9-5BF6-41FC-8C12-D33B834E65F8}.Release|Any CPU.ActiveCfg = Release|Any CPU
		{8D485ED9-5BF6-41FC-8C12-D33B834E65F8}.Release|Any CPU.Build.0 = Release|Any CPU
		{8D485ED9-5BF6-41FC-8C12-D33B834E65F8}.Release|x64.ActiveCfg = Release|Any CPU
		{8D485ED9-5BF6-41FC-8C12-D33B834E65F8}.Release|x64.Build.0 = Release|Any CPU
		{8D485ED9-5BF6-41FC-8C12-D33B834E65F8}.Release|x86.ActiveCfg = Release|Any CPU
		{8D485ED9-5BF6-41FC-8C12-D33B834E65F8}.Release|x86.Build.0 = Release|Any CPU
		{1080C9CD-620D-4A3C-B2D9-83815311731B}.Debug|Any CPU.ActiveCfg = Debug|Any CPU
		{1080C9CD-620D-4A3C-B2D9-83815311731B}.Debug|Any CPU.Build.0 = Debug|Any CPU
		{1080C9CD-620D-4A3C-B2D9-83815311731B}.Debug|x64.ActiveCfg = Debug|Any CPU
		{1080C9CD-620D-4A3C-B2D9-83815311731B}.Debug|x64.Build.0 = Debug|Any CPU
		{1080C9CD-620D-4A3C-B2D9-83815311731B}.Debug|x86.ActiveCfg = Debug|Any CPU
		{1080C9CD-620D-4A3C-B2D9-83815311731B}.Debug|x86.Build.0 = Debug|Any CPU
		{1080C9CD-620D-4A3C-B2D9-83815311731B}.Release|Any CPU.ActiveCfg = Release|Any CPU
		{1080C9CD-620D-4A3C-B2D9-83815311731B}.Release|Any CPU.Build.0 = Release|Any CPU
		{1080C9CD-620D-4A3C-B2D9-83815311731B}.Release|x64.ActiveCfg = Release|Any CPU
		{1080C9CD-620D-4A3C-B2D9-83815311731B}.Release|x64.Build.0 = Release|Any CPU
		{1080C9CD-620D-4A3C-B2D9-83815311731B}.Release|x86.ActiveCfg = Release|Any CPU
		{1080C9CD-620D-4A3C-B2D9-83815311731B}.Release|x86.Build.0 = Release|Any CPU
		{25C47C2D-3041-437F-BC7C-C42A5F075523}.Debug|Any CPU.ActiveCfg = Debug|Any CPU
		{25C47C2D-3041-437F-BC7C-C42A5F075523}.Debug|Any CPU.Build.0 = Debug|Any CPU
		{25C47C2D-3041-437F-BC7C-C42A5F075523}.Debug|x64.ActiveCfg = Debug|Any CPU
		{25C47C2D-3041-437F-BC7C-C42A5F075523}.Debug|x64.Build.0 = Debug|Any CPU
		{25C47C2D-3041-437F-BC7C-C42A5F075523}.Debug|x86.ActiveCfg = Debug|Any CPU
		{25C47C2D-3041-437F-BC7C-C42A5F075523}.Debug|x86.Build.0 = Debug|Any CPU
		{25C47C2D-3041-437F-BC7C-C42A5F075523}.Release|Any CPU.ActiveCfg = Release|Any CPU
		{25C47C2D-3041-437F-BC7C-C42A5F075523}.Release|Any CPU.Build.0 = Release|Any CPU
		{25C47C2D-3041-437F-BC7C-C42A5F075523}.Release|x64.ActiveCfg = Release|Any CPU
		{25C47C2D-3041-437F-BC7C-C42A5F075523}.Release|x64.Build.0 = Release|Any CPU
		{25C47C2D-3041-437F-BC7C-C42A5F075523}.Release|x86.ActiveCfg = Release|Any CPU
		{25C47C2D-3041-437F-BC7C-C42A5F075523}.Release|x86.Build.0 = Release|Any CPU
		{3C04449C-45AC-48A4-B623-E8A22B75012E}.Debug|Any CPU.ActiveCfg = Debug|Any CPU
		{3C04449C-45AC-48A4-B623-E8A22B75012E}.Debug|Any CPU.Build.0 = Debug|Any CPU
		{3C04449C-45AC-48A4-B623-E8A22B75012E}.Debug|x64.ActiveCfg = Debug|Any CPU
		{3C04449C-45AC-48A4-B623-E8A22B75012E}.Debug|x64.Build.0 = Debug|Any CPU
		{3C04449C-45AC-48A4-B623-E8A22B75012E}.Debug|x86.ActiveCfg = Debug|Any CPU
		{3C04449C-45AC-48A4-B623-E8A22B75012E}.Debug|x86.Build.0 = Debug|Any CPU
		{3C04449C-45AC-48A4-B623-E8A22B75012E}.Release|Any CPU.ActiveCfg = Release|Any CPU
		{3C04449C-45AC-48A4-B623-E8A22B75012E}.Release|Any CPU.Build.0 = Release|Any CPU
		{3C04449C-45AC-48A4-B623-E8A22B75012E}.Release|x64.ActiveCfg = Release|Any CPU
		{3C04449C-45AC-48A4-B623-E8A22B75012E}.Release|x64.Build.0 = Release|Any CPU
		{3C04449C-45AC-48A4-B623-E8A22B75012E}.Release|x86.ActiveCfg = Release|Any CPU
		{3C04449C-45AC-48A4-B623-E8A22B75012E}.Release|x86.Build.0 = Release|Any CPU
	EndGlobalSection
	GlobalSection(SolutionProperties) = preSolution
		HideSolutionNode = FALSE
	EndGlobalSection
EndGlobal
